// !$*UTF8*$!
{
	archiveVersion = 1;
	classes = {
	};
	objectVersion = 56;
	objects = {

/* Begin PBXBuildFile section */
		6104C21629DC6FDF00F9FDF8 /* OwnServerRequestApp.swift in Sources */ = {isa = PBXBuildFile; fileRef = 6104C21529DC6FDF00F9FDF8 /* OwnServerRequestApp.swift */; };
		6104C21829DC6FDF00F9FDF8 /* ContentView.swift in Sources */ = {isa = PBXBuildFile; fileRef = 6104C21729DC6FDF00F9FDF8 /* ContentView.swift */; };
		6104C21A29DC6FE000F9FDF8 /* Assets.xcassets in Resources */ = {isa = PBXBuildFile; fileRef = 6104C21929DC6FE000F9FDF8 /* Assets.xcassets */; };
		6104C21D29DC6FE000F9FDF8 /* Preview Assets.xcassets in Resources */ = {isa = PBXBuildFile; fileRef = 6104C21C29DC6FE000F9FDF8 /* Preview Assets.xcassets */; };
		6104C22429DC700400F9FDF8 /* ViewModel.swift in Sources */ = {isa = PBXBuildFile; fileRef = 6104C22329DC700400F9FDF8 /* ViewModel.swift */; };
		6104C22729DC7AEC00F9FDF8 /* SwiftJWT in Frameworks */ = {isa = PBXBuildFile; productRef = 6104C22629DC7AEC00F9FDF8 /* SwiftJWT */; };
		6104C22929DC7B8700F9FDF8 /* ClaimsModel.swift in Sources */ = {isa = PBXBuildFile; fileRef = 6104C22829DC7B8700F9FDF8 /* ClaimsModel.swift */; };
/* End PBXBuildFile section */

/* Begin PBXFileReference section */
		6104C21229DC6FDF00F9FDF8 /* OwnServerRequest.app */ = {isa = PBXFileReference; explicitFileType = wrapper.application; includeInIndex = 0; path = OwnServerRequest.app; sourceTree = BUILT_PRODUCTS_DIR; };
		6104C21529DC6FDF00F9FDF8 /* OwnServerRequestApp.swift */ = {isa = PBXFileReference; lastKnownFileType = sourcecode.swift; path = OwnServerRequestApp.swift; sourceTree = "<group>"; };
		6104C21729DC6FDF00F9FDF8 /* ContentView.swift */ = {isa = PBXFileReference; lastKnownFileType = sourcecode.swift; path = ContentView.swift; sourceTree = "<group>"; };
		6104C21929DC6FE000F9FDF8 /* Assets.xcassets */ = {isa = PBXFileReference; lastKnownFileType = folder.assetcatalog; path = Assets.xcassets; sourceTree = "<group>"; };
		6104C21C29DC6FE000F9FDF8 /* Preview Assets.xcassets */ = {isa = PBXFileReference; lastKnownFileType = folder.assetcatalog; path = "Preview Assets.xcassets"; sourceTree = "<group>"; };
		6104C22329DC700400F9FDF8 /* ViewModel.swift */ = {isa = PBXFileReference; lastKnownFileType = sourcecode.swift; path = ViewModel.swift; sourceTree = "<group>"; };
		6104C22829DC7B8700F9FDF8 /* ClaimsModel.swift */ = {isa = PBXFileReference; lastKnownFileType = sourcecode.swift; path = ClaimsModel.swift; sourceTree = "<group>"; };
/* End PBXFileReference section */

/* Begin PBXFrameworksBuildPhase section */
		6104C20F29DC6FDF00F9FDF8 /* Frameworks */ = {
			isa = PBXFrameworksBuildPhase;
			buildActionMask = 2147483647;
			files = (
				6104C22729DC7AEC00F9FDF8 /* SwiftJWT in Frameworks */,
			);
			runOnlyForDeploymentPostprocessing = 0;
		};
/* End PBXFrameworksBuildPhase section */

/* Begin PBXGroup section */
		6104C20929DC6FDF00F9FDF8 = {
			isa = PBXGroup;
			children = (
				6104C21429DC6FDF00F9FDF8 /* OwnServerRequest */,
				6104C21329DC6FDF00F9FDF8 /* Products */,
			);
			sourceTree = "<group>";
		};
		6104C21329DC6FDF00F9FDF8 /* Products */ = {
			isa = PBXGroup;
			children = (
				6104C21229DC6FDF00F9FDF8 /* OwnServerRequest.app */,
			);
			name = Products;
			sourceTree = "<group>";
		};
		6104C21429DC6FDF00F9FDF8 /* OwnServerRequest */ = {
			isa = PBXGroup;
			children = (
				6104C21529DC6FDF00F9FDF8 /* OwnServerRequestApp.swift */,
				6104C21729DC6FDF00F9FDF8 /* ContentView.swift */,
				6104C22329DC700400F9FDF8 /* ViewModel.swift */,
				6104C22829DC7B8700F9FDF8 /* ClaimsModel.swift */,
				6104C21929DC6FE000F9FDF8 /* Assets.xcassets */,
				6104C21B29DC6FE000F9FDF8 /* Preview Content */,
			);
			path = OwnServerRequest;
			sourceTree = "<group>";
		};
		6104C21B29DC6FE000F9FDF8 /* Preview Content */ = {
			isa = PBXGroup;
			children = (
				6104C21C29DC6FE000F9FDF8 /* Preview Assets.xcassets */,
			);
			path = "Preview Content";
			sourceTree = "<group>";
		};
/* End PBXGroup section */

/* Begin PBXNativeTarget section */
		6104C21129DC6FDF00F9FDF8 /* OwnServerRequest */ = {
			isa = PBXNativeTarget;
			buildConfigurationList = 6104C22029DC6FE000F9FDF8 /* Build configuration list for PBXNativeTarget "OwnServerRequest" */;
			buildPhases = (
				6104C20E29DC6FDF00F9FDF8 /* Sources */,
				6104C20F29DC6FDF00F9FDF8 /* Frameworks */,
				6104C21029DC6FDF00F9FDF8 /* Resources */,
			);
			buildRules = (
			);
			dependencies = (
			);
			name = OwnServerRequest;
			packageProductDependencies = (
				6104C22629DC7AEC00F9FDF8 /* SwiftJWT */,
			);
			productName = OwnServerRequest;
			productReference = 6104C21229DC6FDF00F9FDF8 /* OwnServerRequest.app */;
			productType = "com.apple.product-type.application";
		};
/* End PBXNativeTarget section */

/* Begin PBXProject section */
		6104C20A29DC6FDF00F9FDF8 /* Project object */ = {
			isa = PBXProject;
			attributes = {
				BuildIndependentTargetsInParallel = 1;
				LastSwiftUpdateCheck = 1420;
				LastUpgradeCheck = 1420;
				TargetAttributes = {
					6104C21129DC6FDF00F9FDF8 = {
						CreatedOnToolsVersion = 14.2;
					};
				};
			};
			buildConfigurationList = 6104C20D29DC6FDF00F9FDF8 /* Build configuration list for PBXProject "OwnServerRequest" */;
			compatibilityVersion = "Xcode 14.0";
			developmentRegion = en;
			hasScannedForEncodings = 0;
			knownRegions = (
				en,
				Base,
			);
			mainGroup = 6104C20929DC6FDF00F9FDF8;
			packageReferences = (
				6104C22529DC7AEC00F9FDF8 /* XCRemoteSwiftPackageReference "Swift-JWT" */,
			);
			productRefGroup = 6104C21329DC6FDF00F9FDF8 /* Products */;
			projectDirPath = "";
			projectRoot = "";
			targets = (
				6104C21129DC6FDF00F9FDF8 /* OwnServerRequest */,
			);
		};
/* End PBXProject section */

/* Begin PBXResourcesBuildPhase section */
		6104C21029DC6FDF00F9FDF8 /* Resources */ = {
			isa = PBXResourcesBuildPhase;
			buildActionMask = 2147483647;
			files = (
				6104C21D29DC6FE000F9FDF8 /* Preview Assets.xcassets in Resources */,
				6104C21A29DC6FE000F9FDF8 /* Assets.xcassets in Resources */,
			);
			runOnlyForDeploymentPostprocessing = 0;
		};
/* End PBXResourcesBuildPhase section */

/* Begin PBXSourcesBuildPhase section */
		6104C20E29DC6FDF00F9FDF8 /* Sources */ = {
			isa = PBXSourcesBuildPhase;
			buildActionMask = 2147483647;
			files = (
				6104C21829DC6FDF00F9FDF8 /* ContentView.swift in Sources */,
				6104C22429DC700400F9FDF8 /* ViewModel.swift in Sources */,
				6104C22929DC7B8700F9FDF8 /* ClaimsModel.swift in Sources */,
				6104C21629DC6FDF00F9FDF8 /* OwnServerRequestApp.swift in Sources */,
			);
			runOnlyForDeploymentPostprocessing = 0;
		};
/* End PBXSourcesBuildPhase section */

/* Begin XCBuildConfiguration section */
		6104C21E29DC6FE000F9FDF8 /* Debug */ = {
			isa = XCBuildConfiguration;
			buildSettings = {
				ALWAYS_SEARCH_USER_PATHS = NO;
				CLANG_ANALYZER_NONNULL = YES;
				CLANG_ANALYZER_NUMBER_OBJECT_CONVERSION = YES_AGGRESSIVE;
				CLANG_CXX_LANGUAGE_STANDARD = "gnu++20";
				CLANG_ENABLE_MODULES = YES;
				CLANG_ENABLE_OBJC_ARC = YES;
				CLANG_ENABLE_OBJC_WEAK = YES;
				CLANG_WARN_BLOCK_CAPTURE_AUTORELEASING = YES;
				CLANG_WARN_BOOL_CONVERSION = YES;
				CLANG_WARN_COMMA = YES;
				CLANG_WARN_CONSTANT_CONVERSION = YES;
				CLANG_WARN_DEPRECATED_OBJC_IMPLEMENTATIONS = YES;
				CLANG_WARN_DIRECT_OBJC_ISA_USAGE = YES_ERROR;
				CLANG_WARN_DOCUMENTATION_COMMENTS = YES;
				CLANG_WARN_EMPTY_BODY = YES;
				CLANG_WARN_ENUM_CONVERSION = YES;
				CLANG_WARN_INFINITE_RECURSION = YES;
				CLANG_WARN_INT_CONVERSION = YES;
				CLANG_WARN_NON_LITERAL_NULL_CONVERSION = YES;
				CLANG_WARN_OBJC_IMPLICIT_RETAIN_SELF = YES;
				CLANG_WARN_OBJC_LITERAL_CONVERSION = YES;
				CLANG_WARN_OBJC_ROOT_CLASS = YES_ERROR;
				CLANG_WARN_QUOTED_INCLUDE_IN_FRAMEWORK_HEADER = YES;
				CLANG_WARN_RANGE_LOOP_ANALYSIS = YES;
				CLANG_WARN_STRICT_PROTOTYPES = YES;
				CLANG_WARN_SUSPICIOUS_MOVE = YES;
				CLANG_WARN_UNGUARDED_AVAILABILITY = YES_AGGRESSIVE;
				CLANG_WARN_UNREACHABLE_CODE = YES;
				CLANG_WARN__DUPLICATE_METHOD_MATCH = YES;
				COPY_PHASE_STRIP = NO;
				DEBUG_INFORMATION_FORMAT = dwarf;
				ENABLE_STRICT_OBJC_MSGSEND = YES;
				ENABLE_TESTABILITY = YES;
				GCC_C_LANGUAGE_STANDARD = gnu11;
				GCC_DYNAMIC_NO_PIC = NO;
				GCC_NO_COMMON_BLOCKS = YES;
				GCC_OPTIMIZATION_LEVEL = 0;
				GCC_PREPROCESSOR_DEFINITIONS = (
					"DEBUG=1",
					"$(inherited)",
				);
				GCC_WARN_64_TO_32_BIT_CONVERSION = YES;
				GCC_WARN_ABOUT_RETURN_TYPE = YES_ERROR;
				GCC_WARN_UNDECLARED_SELECTOR = YES;
				GCC_WARN_UNINITIALIZED_AUTOS = YES_AGGRESSIVE;
				GCC_WARN_UNUSED_FUNCTION = YES;
				GCC_WARN_UNUSED_VARIABLE = YES;
				IPHONEOS_DEPLOYMENT_TARGET = 16.2;
				MTL_ENABLE_DEBUG_INFO = INCLUDE_SOURCE;
				MTL_FAST_MATH = YES;
				ONLY_ACTIVE_ARCH = YES;
				SDKROOT = iphoneos;
				SWIFT_ACTIVE_COMPILATION_CONDITIONS = DEBUG;
				SWIFT_OPTIMIZATION_LEVEL = "-Onone";
			};
			name = Debug;
		};
		6104C21F29DC6FE000F9FDF8 /* Release */ = {
			isa = XCBuildConfiguration;
			buildSettings = {
				ALWAYS_SEARCH_USER_PATHS = NO;
				CLANG_ANALYZER_NONNULL = YES;
				CLANG_ANALYZER_NUMBER_OBJECT_CONVERSION = YES_AGGRESSIVE;
				CLANG_CXX_LANGUAGE_STANDARD = "gnu++20";
				CLANG_ENABLE_MODULES = YES;
				CLANG_ENABLE_OBJC_ARC = YES;
				CLANG_ENABLE_OBJC_WEAK = YES;
				CLANG_WARN_BLOCK_CAPTURE_AUTORELEASING = YES;
				CLANG_WARN_BOOL_CONVERSION = YES;
				CLANG_WARN_COMMA = YES;
				CLANG_WARN_CONSTANT_CONVERSION = YES;
				CLANG_WARN_DEPRECATED_OBJC_IMPLEMENTATIONS = YES;
				CLANG_WARN_DIRECT_OBJC_ISA_USAGE = YES_ERROR;
				CLANG_WARN_DOCUMENTATION_COMMENTS = YES;
				CLANG_WARN_EMPTY_BODY = YES;
				CLANG_WARN_ENUM_CONVERSION = YES;
				CLANG_WARN_INFINITE_RECURSION = YES;
				CLANG_WARN_INT_CONVERSION = YES;
				CLANG_WARN_NON_LITERAL_NULL_CONVERSION = YES;
				CLANG_WARN_OBJC_IMPLICIT_RETAIN_SELF = YES;
				CLANG_WARN_OBJC_LITERAL_CONVERSION = YES;
				CLANG_WARN_OBJC_ROOT_CLASS = YES_ERROR;
				CLANG_WARN_QUOTED_INCLUDE_IN_FRAMEWORK_HEADER = YES;
				CLANG_WARN_RANGE_LOOP_ANALYSIS = YES;
				CLANG_WARN_STRICT_PROTOTYPES = YES;
				CLANG_WARN_SUSPICIOUS_MOVE = YES;
				CLANG_WARN_UNGUARDED_AVAILABILITY = YES_AGGRESSIVE;
				CLANG_WARN_UNREACHABLE_CODE = YES;
				CLANG_WARN__DUPLICATE_METHOD_MATCH = YES;
				COPY_PHASE_STRIP = NO;
				DEBUG_INFORMATION_FORMAT = "dwarf-with-dsym";
				ENABLE_NS_ASSERTIONS = NO;
				ENABLE_STRICT_OBJC_MSGSEND = YES;
				GCC_C_LANGUAGE_STANDARD = gnu11;
				GCC_NO_COMMON_BLOCKS = YES;
				GCC_WARN_64_TO_32_BIT_CONVERSION = YES;
				GCC_WARN_ABOUT_RETURN_TYPE = YES_ERROR;
				GCC_WARN_UNDECLARED_SELECTOR = YES;
				GCC_WARN_UNINITIALIZED_AUTOS = YES_AGGRESSIVE;
				GCC_WARN_UNUSED_FUNCTION = YES;
				GCC_WARN_UNUSED_VARIABLE = YES;
				IPHONEOS_DEPLOYMENT_TARGET = 16.2;
				MTL_ENABLE_DEBUG_INFO = NO;
				MTL_FAST_MATH = YES;
				SDKROOT = iphoneos;
				SWIFT_COMPILATION_MODE = wholemodule;
				SWIFT_OPTIMIZATION_LEVEL = "-O";
				VALIDATE_PRODUCT = YES;
			};
			name = Release;
		};
		6104C22129DC6FE000F9FDF8 /* Debug */ = {
			isa = XCBuildConfiguration;
			buildSettings = {
				ASSETCATALOG_COMPILER_APPICON_NAME = AppIcon;
				ASSETCATALOG_COMPILER_GLOBAL_ACCENT_COLOR_NAME = AccentColor;
				CODE_SIGN_STYLE = Automatic;
				CURRENT_PROJECT_VERSION = 1;
				DEVELOPMENT_ASSET_PATHS = "\"OwnServerRequest/Preview Content\"";
				DEVELOPMENT_TEAM = 99CC62WXQ9;
				ENABLE_PREVIEWS = YES;
				GENERATE_INFOPLIST_FILE = YES;
				INFOPLIST_KEY_UIApplicationSceneManifest_Generation = YES;
				INFOPLIST_KEY_UIApplicationSupportsIndirectInputEvents = YES;
				INFOPLIST_KEY_UILaunchScreen_Generation = YES;
				INFOPLIST_KEY_UISupportedInterfaceOrientations_iPad = "UIInterfaceOrientationPortrait UIInterfaceOrientationPortraitUpsideDown UIInterfaceOrientationLandscapeLeft UIInterfaceOrientationLandscapeRight";
				INFOPLIST_KEY_UISupportedInterfaceOrientations_iPhone = "UIInterfaceOrientationPortrait UIInterfaceOrientationLandscapeLeft UIInterfaceOrientationLandscapeRight";
				LD_RUNPATH_SEARCH_PATHS = (
					"$(inherited)",
					"@executable_path/Frameworks",
				);
				MARKETING_VERSION = 1.0;
				PRODUCT_BUNDLE_IDENTIFIER = cool.de.activecoding.OwnServerRequest;
				PRODUCT_NAME = "$(TARGET_NAME)";
				SWIFT_EMIT_LOC_STRINGS = YES;
				SWIFT_VERSION = 5.0;
				TARGETED_DEVICE_FAMILY = "1,2";
			};
			name = Debug;
		};
		6104C22229DC6FE000F9FDF8 /* Release */ = {
			isa = XCBuildConfiguration;
			buildSettings = {
				ASSETCATALOG_COMPILER_APPICON_NAME = AppIcon;
				ASSETCATALOG_COMPILER_GLOBAL_ACCENT_COLOR_NAME = AccentColor;
				CODE_SIGN_STYLE = Automatic;
				CURRENT_PROJECT_VERSION = 1;
				DEVELOPMENT_ASSET_PATHS = "\"OwnServerRequest/Preview Content\"";
				DEVELOPMENT_TEAM = 99CC62WXQ9;
				ENABLE_PREVIEWS = YES;
				GENERATE_INFOPLIST_FILE = YES;
				INFOPLIST_KEY_UIApplicationSceneManifest_Generation = YES;
				INFOPLIST_KEY_UIApplicationSupportsIndirectInputEvents = YES;
				INFOPLIST_KEY_UILaunchScreen_Generation = YES;
				INFOPLIST_KEY_UISupportedInterfaceOrientations_iPad = "UIInterfaceOrientationPortrait UIInterfaceOrientationPortraitUpsideDown UIInterfaceOrientationLandscapeLeft UIInterfaceOrientationLandscapeRight";
				INFOPLIST_KEY_UISupportedInterfaceOrientations_iPhone = "UIInterfaceOrientationPortrait UIInterfaceOrientationLandscapeLeft UIInterfaceOrientationLandscapeRight";
				LD_RUNPATH_SEARCH_PATHS = (
					"$(inherited)",
					"@executable_path/Frameworks",
				);
				MARKETING_VERSION = 1.0;
				PRODUCT_BUNDLE_IDENTIFIER = cool.de.activecoding.OwnServerRequest;
				PRODUCT_NAME = "$(TARGET_NAME)";
				SWIFT_EMIT_LOC_STRINGS = YES;
				SWIFT_VERSION = 5.0;
				TARGETED_DEVICE_FAMILY = "1,2";
			};
			name = Release;
		};
/* End XCBuildConfiguration section */

/* Begin XCConfigurationList section */
		6104C20D29DC6FDF00F9FDF8 /* Build configuration list for PBXProject "OwnServerRequest" */ = {
			isa = XCConfigurationList;
			buildConfigurations = (
				6104C21E29DC6FE000F9FDF8 /* Debug */,
				6104C21F29DC6FE000F9FDF8 /* Release */,
			);
			defaultConfigurationIsVisible = 0;
			defaultConfigurationName = Release;
		};
		6104C22029DC6FE000F9FDF8 /* Build configuration list for PBXNativeTarget "OwnServerRequest" */ = {
			isa = XCConfigurationList;
			buildConfigurations = (
				6104C22129DC6FE000F9FDF8 /* Debug */,
				6104C22229DC6FE000F9FDF8 /* Release */,
			);
			defaultConfigurationIsVisible = 0;
			defaultConfigurationName = Release;
		};
/* End XCConfigurationList section */

/* Begin XCRemoteSwiftPackageReference section */
		6104C22529DC7AEC00F9FDF8 /* XCRemoteSwiftPackageReference "Swift-JWT" */ = {
			isa = XCRemoteSwiftPackageReference;
			repositoryURL = "https://github.com/Kitura/Swift-JWT";
			requirement = {
				kind = upToNextMajorVersion;
				minimumVersion = 4.0.0;
			};
		};
/* End XCRemoteSwiftPackageReference section */

/* Begin XCSwiftPackageProductDependency section */
		6104C22629DC7AEC00F9FDF8 /* SwiftJWT */ = {
			isa = XCSwiftPackageProductDependency;
			package = 6104C22529DC7AEC00F9FDF8 /* XCRemoteSwiftPackageReference "Swift-JWT" */;
			productName = SwiftJWT;
		};
/* End XCSwiftPackageProductDependency section */
	};
	rootObject = 6104C20A29DC6FDF00F9FDF8 /* Project object */;
}
